
Microsoft Visual Studio Solution File, Format Version 12.00
# Visual Studio Version 17
VisualStudioVersion = 17.4.33205.214
MinimumVisualStudioVersion = 10.0.40219.1
Project("{9A19103F-16F7-4668-BE54-9A1E7A4F7556}") = "HackerRankLib", "..\HackerRankLib\HackerRankLib.csproj", "{0E393D25-49E8-4C85-93FA-75DBEA4FE980}"
EndProject
Project("{9A19103F-16F7-4668-BE54-9A1E7A4F7556}") = "HackerRankTests", "HackerRankTests.csproj", "{F1DF78D7-522E-4EC2-8B91-04A0EF214E3E}"
EndProject
Global
	GlobalSection(SolutionConfigurationPlatforms) = preSolution
		Debug|Any CPU = Debug|Any CPU
		Release|Any CPU = Release|Any CPU
	EndGlobalSection
	GlobalSection(ProjectConfigurationPlatforms) = postSolution
		{0E393D25-49E8-4C85-93FA-75DBEA4FE980}.Debug|Any CPU.ActiveCfg = Debug|Any CPU
		{0E393D25-49E8-4C85-93FA-75DBEA4FE980}.Debug|Any CPU.Build.0 = Debug|Any CPU
		{0E393D25-49E8-4C85-93FA-75DBEA4FE980}.Release|Any CPU.ActiveCfg = Release|Any CPU
		{0E393D25-49E8-4C85-93FA-75DBEA4FE980}.Release|Any CPU.Build.0 = Release|Any CPU
		{F1DF78D7-522E-4EC2-8B91-04A0EF214E3E}.Debug|Any CPU.ActiveCfg = Debug|Any CPU
		{F1DF78D7-522E-4EC2-8B91-04A0EF214E3E}.Debug|Any CPU.Build.0 = Debug|Any CPU
		{F1DF78D7-522E-4EC2-8B91-04A0EF214E3E}.Release|Any CPU.ActiveCfg = Release|Any CPU
		{F1DF78D7-522E-4EC2-8B91-04A0EF214E3E}.Release|Any CPU.Build.0 = Release|Any CPU
	EndGlobalSection
	GlobalSection(SolutionProperties) = preSolution
		HideSolutionNode = FALSE
	EndGlobalSection
	GlobalSection(ExtensibilityGlobals) = postSolution
		SolutionGuid = {6A0560F7-9463-4505-9478-09ECB9A2DDFC}
	EndGlobalSection
EndGlobal
